
Microsoft Visual Studio Solution File, Format Version 12.00
# Visual Studio Version 17
VisualStudioVersion = 17.3.32825.248
MinimumVisualStudioVersion = 10.0.40219.1
Project("{9A19103F-16F7-4668-BE54-9A1E7A4F7556}") = "projectman", "projectman.csproj", "{AA0DFBCC-AFD1-48A1-8942-DB40EA5AB4B9}"
	ProjectSection(ProjectDependencies) = postProject
		{45DCFBB6-38FA-42A8-BB48-BC8C5A88A8AA} = {45DCFBB6-38FA-42A8-BB48-BC8C5A88A8AA}
	EndProjectSection
EndProject
Project("{9A19103F-16F7-4668-BE54-9A1E7A4F7556}") = "CSHelper.net", "..\CSHelper.net\CSHelper.net.csproj", "{45DCFBB6-38FA-42A8-BB48-BC8C5A88A8AA}"
EndProject
Global
	GlobalSection(SolutionConfigurationPlatforms) = preSolution
		Debug|Any CPU = Debug|Any CPU
		Release|Any CPU = Release|Any CPU
	EndGlobalSection
	GlobalSection(ProjectConfigurationPlatforms) = postSolution
		{AA0DFBCC-AFD1-48A1-8942-DB40EA5AB4B9}.Debug|Any CPU.ActiveCfg = Debug|Any CPU
		{AA0DFBCC-AFD1-48A1-8942-DB40EA5AB4B9}.Debug|Any CPU.Build.0 = Debug|Any CPU
		{AA0DFBCC-AFD1-48A1-8942-DB40EA5AB4B9}.Release|Any CPU.ActiveCfg = Release|Any CPU
		{AA0DFBCC-AFD1-48A1-8942-DB40EA5AB4B9}.Release|Any CPU.Build.0 = Release|Any CPU
		{45DCFBB6-38FA-42A8-BB48-BC8C5A88A8AA}.Debug|Any CPU.ActiveCfg = Debug|Any CPU
		{45DCFBB6-38FA-42A8-BB48-BC8C5A88A8AA}.Debug|Any CPU.Build.0 = Debug|Any CPU
		{45DCFBB6-38FA-42A8-BB48-BC8C5A88A8AA}.Release|Any CPU.ActiveCfg = Release|Any CPU
		{45DCFBB6-38FA-42A8-BB48-BC8C5A88A8AA}.Release|Any CPU.Build.0 = Release|Any CPU
	EndGlobalSection
	GlobalSection(SolutionProperties) = preSolution
		HideSolutionNode = FALSE
	EndGlobalSection
	GlobalSection(ExtensibilityGlobals) = postSolution
		SolutionGuid = {A54D6F74-7C47-4068-B303-38D33BFC57F8}
	EndGlobalSection
EndGlobal
